PODS:
  - Capacitor (8.3.0):
    - CapacitorCordova
  - CapacitorApp (8.1.0):
    - Capacitor
  - CapacitorBrowser (8.0.3):
    - Capacitor
  - CapacitorCamera (8.0.2):
    - Capacitor
  - CapacitorCordova (8.3.0)
  - CapacitorGeolocation (8.2.0):
    - Capacitor
    - IONGeolocationLib (= 2.1.0)
  - CapacitorNativeBiometric (0.0.1):
    - Capacitor
  - CapacitorNetwork (8.0.1):
    - Capacitor
  - CapacitorPushNotifications (8.0.3):
    - Capacitor
  - CapacitorShare (8.0.1):
    - Capacitor
  - CapacitorSplashScreen (8.0.1):
    - Capacitor
  - CapacitorStatusBar (8.0.2):
    - Capacitor
  - IONGeolocationLib (2.1.0)

DEPENDENCIES:
  - "Capacitor (from `../../../../../node_modules/@capacitor/ios`)"
  - "CapacitorApp (from `../../../../../node_modules/@capacitor/app`)"
  - "CapacitorBrowser (from `../../../../../node_modules/@capacitor/browser`)"
  - "CapacitorCamera (from `../../../../../node_modules/@capacitor/camera`)"
  - "CapacitorCordova (from `../../../../../node_modules/@capacitor/ios`)"
  - "CapacitorGeolocation (from `../../../../../node_modules/@capacitor/geolocation`)"
  - CapacitorNativeBiometric (from `../../../../../node_modules/capacitor-native-biometric`)
  - "CapacitorNetwork (from `../../../../../node_modules/@capacitor/network`)"
  - "CapacitorPushNotifications (from `../../../../../node_modules/@capacitor/push-notifications`)"
  - "CapacitorShare (from `../../../../../node_modules/@capacitor/share`)"
  - "CapacitorSplashScreen (from `../../../../../node_modules/@capacitor/splash-screen`)"
  - "CapacitorStatusBar (from `../../../../../node_modules/@capacitor/status-bar`)"

SPEC REPOS:
  trunk:
    - IONGeolocationLib

EXTERNAL SOURCES:
  Capacitor:
    :path: "../../../../../node_modules/@capacitor/ios"
  CapacitorApp:
    :path: "../../../../../node_modules/@capacitor/app"
  CapacitorBrowser:
    :path: "../../../../../node_modules/@capacitor/browser"
  CapacitorCamera:
    :path: "../../../../../node_modules/@capacitor/camera"
  CapacitorCordova:
    :path: "../../../../../node_modules/@capacitor/ios"
  CapacitorGeolocation:
    :path: "../../../../../node_modules/@capacitor/geolocation"
  CapacitorNativeBiometric:
    :path: "../../../../../node_modules/capacitor-native-biometric"
  CapacitorNetwork:
    :path: "../../../../../node_modules/@capacitor/network"
  CapacitorPushNotifications:
    :path: "../../../../../node_modules/@capacitor/push-notifications"
  CapacitorShare:
    :path: "../../../../../node_modules/@capacitor/share"
  CapacitorSplashScreen:
    :path: "../../../../../node_modules/@capacitor/splash-screen"
  CapacitorStatusBar:
    :path: "../../../../../node_modules/@capacitor/status-bar"

SPEC CHECKSUMS:
  Capacitor: 22e541237135648c9aa736232bb4d2eec35fddcb
  CapacitorApp: 449ffe26375e96f8aaaee625ac6e01e5c57c8650
  CapacitorBrowser: c987c73d09d8bd3b5ec13f06338b1e14d5d2be69
  CapacitorCamera: 66bb9c4ea1703a5acf2a328bac0e613d278c399c
  CapacitorCordova: 2e1e2bb93b2f365309dc4ff18b72b9a69a7814a9
  CapacitorGeolocation: b36f6287bfc9f2eefa04dc900496f2c8ae666136
  CapacitorNativeBiometric: 78cf21304251a512e4597437325b5e9b0cd9f7b3
  CapacitorNetwork: 8812ce60d11fb63d8f2e4ba51a49b2e59892ebe2
  CapacitorPushNotifications: e4437b4ec1b2070685bf032c210f346432214c5f
  CapacitorShare: 0c58305114538568059bfc07111f22dcb9cb2a82
  CapacitorSplashScreen: 4b46c72298db552b3c57ce021ef028b6dc7f1fa7
  CapacitorStatusBar: 01d5763b4ed720de5ce2edbc938de6a98f4c8f32
  IONGeolocationLib: 6a7b6f76063fb1b01cfb14fae7d0f526e3c9b271

PODFILE CHECKSUM: 41681cb916e7553d3679423f28fce1561afcb80b

COCOAPODS: 1.16.2
